
Microsoft Visual Studio Solution File, Format Version 12.00
# Visual Studio Version 16
VisualStudioVersion = 16.0.29009.5
MinimumVisualStudioVersion = 10.0.40219.1
Project("{9A19103F-16F7-4668-BE54-9A1E7A4F7556}") = "Magicodes.Pay.Alipay", "src\Magicodes.Pay.Alipay\Magicodes.Pay.Alipay.csproj", "{DA251DFE-9312-44DC-B027-8DE9E1064DC4}"
EndProject
Project("{9A19103F-16F7-4668-BE54-9A1E7A4F7556}") = "Magicodes.Pay.Notify", "src\Magicodes.Pay.Notify\Magicodes.Pay.Notify.csproj", "{5DECD09F-1451-450B-BFA9-F8C5AFEB4D84}"
EndProject
Project("{2150E333-8FDC-42A3-9474-1A3956D46DE8}") = "Solution Items", "Solution Items", "{B414551F-71F5-4C18-B437-42243433773A}"
	ProjectSection(SolutionItems) = preProject
		common.props = common.props
		..\README.md = ..\README.md
	EndProjectSection
EndProject
Project("{9A19103F-16F7-4668-BE54-9A1E7A4F7556}") = "Magicodes.Pay.Alipay.Global", "src\Magicodes.Pay.Alipay.Global\Magicodes.Pay.Alipay.Global.csproj", "{42FEC100-6F4E-4687-96F1-A4E871329B9E}"
EndProject
Project("{9A19103F-16F7-4668-BE54-9A1E7A4F7556}") = "Magicodes.Pay.Allinpay", "src\Magicodes.Pay.Allinpay\Magicodes.Pay.Allinpay.csproj", "{C94CED60-40ED-490C-996E-168FF9931CFD}"
EndProject
Project("{9A19103F-16F7-4668-BE54-9A1E7A4F7556}") = "Magicodes.Pay.Abp", "src\Magicodes.Pay.Abp\Magicodes.Pay.Abp.csproj", "{EC4E7279-10B2-46FB-ADDF-C65064323F11}"
EndProject
Project("{9A19103F-16F7-4668-BE54-9A1E7A4F7556}") = "Magicodes.Pay.Tests", "src\Magicodes.Pay.Tests\Magicodes.Pay.Tests.csproj", "{D404EFC7-17FE-4930-90FD-6FE399659031}"
EndProject
Project("{2150E333-8FDC-42A3-9474-1A3956D46DE8}") = "Tests", "Tests", "{7B8841B3-439A-455C-B4C4-7FACDBF4A9F3}"
EndProject
Project("{2150E333-8FDC-42A3-9474-1A3956D46DE8}") = "Src", "Src", "{0A3639F2-FE22-4113-B654-C0DEF3C52B6F}"
EndProject
Project("{2150E333-8FDC-42A3-9474-1A3956D46DE8}") = "Core", "Core", "{334C665F-6917-4515-912F-19016DF7872C}"
EndProject
Project("{2150E333-8FDC-42A3-9474-1A3956D46DE8}") = "Abp", "Abp", "{4AFBD77A-801A-45DB-BB23-BF2ABC977228}"
EndProject
Project("{9A19103F-16F7-4668-BE54-9A1E7A4F7556}") = "Magicodes.Pay.Wxpay", "src\Magicodes.Pay.Wxpay\Magicodes.Pay.Wxpay.csproj", "{335672D3-C7F1-45B6-86B1-935447161CBB}"
EndProject
Project("{9A19103F-16F7-4668-BE54-9A1E7A4F7556}") = "Magicodes.Pay.Abp.Alipay", "src\Magicodes.Pay.Abp.Alipay\Magicodes.Pay.Abp.Alipay.csproj", "{B10CEEDE-FBA4-46E5-9813-CD65DABB09EE}"
EndProject
Project("{FAE04EC0-301F-11D3-BF4B-00C04F79EFBC}") = "Magicodes.Pay.Abp.Allinpay", "src\Magicodes.Pay.Abp.Allinpay\Magicodes.Pay.Abp.Allinpay.csproj", "{ED8E0DAD-63FB-4452-BB8A-5A95CA749A8D}"
EndProject
Global
	GlobalSection(SolutionConfigurationPlatforms) = preSolution
		Debug|Any CPU = Debug|Any CPU
		Release|Any CPU = Release|Any CPU
	EndGlobalSection
	GlobalSection(ProjectConfigurationPlatforms) = postSolution
		{DA251DFE-9312-44DC-B027-8DE9E1064DC4}.Debug|Any CPU.ActiveCfg = Debug|Any CPU
		{DA251DFE-9312-44DC-B027-8DE9E1064DC4}.Debug|Any CPU.Build.0 = Debug|Any CPU
		{DA251DFE-9312-44DC-B027-8DE9E1064DC4}.Release|Any CPU.ActiveCfg = Release|Any CPU
		{DA251DFE-9312-44DC-B027-8DE9E1064DC4}.Release|Any CPU.Build.0 = Release|Any CPU
		{5DECD09F-1451-450B-BFA9-F8C5AFEB4D84}.Debug|Any CPU.ActiveCfg = Debug|Any CPU
		{5DECD09F-1451-450B-BFA9-F8C5AFEB4D84}.Debug|Any CPU.Build.0 = Debug|Any CPU
		{5DECD09F-1451-450B-BFA9-F8C5AFEB4D84}.Release|Any CPU.ActiveCfg = Release|Any CPU
		{5DECD09F-1451-450B-BFA9-F8C5AFEB4D84}.Release|Any CPU.Build.0 = Release|Any CPU
		{42FEC100-6F4E-4687-96F1-A4E871329B9E}.Debug|Any CPU.ActiveCfg = Debug|Any CPU
		{42FEC100-6F4E-4687-96F1-A4E871329B9E}.Debug|Any CPU.Build.0 = Debug|Any CPU
		{42FEC100-6F4E-4687-96F1-A4E871329B9E}.Release|Any CPU.ActiveCfg = Release|Any CPU
		{42FEC100-6F4E-4687-96F1-A4E871329B9E}.Release|Any CPU.Build.0 = Release|Any CPU
		{C94CED60-40ED-490C-996E-168FF9931CFD}.Debug|Any CPU.ActiveCfg = Debug|Any CPU
		{C94CED60-40ED-490C-996E-168FF9931CFD}.Debug|Any CPU.Build.0 = Debug|Any CPU
		{C94CED60-40ED-490C-996E-168FF9931CFD}.Release|Any CPU.ActiveCfg = Release|Any CPU
		{C94CED60-40ED-490C-996E-168FF9931CFD}.Release|Any CPU.Build.0 = Release|Any CPU
		{EC4E7279-10B2-46FB-ADDF-C65064323F11}.Debug|Any CPU.ActiveCfg = Debug|Any CPU
		{EC4E7279-10B2-46FB-ADDF-C65064323F11}.Debug|Any CPU.Build.0 = Debug|Any CPU
		{EC4E7279-10B2-46FB-ADDF-C65064323F11}.Release|Any CPU.ActiveCfg = Release|Any CPU
		{EC4E7279-10B2-46FB-ADDF-C65064323F11}.Release|Any CPU.Build.0 = Release|Any CPU
		{D404EFC7-17FE-4930-90FD-6FE399659031}.Debug|Any CPU.ActiveCfg = Debug|Any CPU
		{D404EFC7-17FE-4930-90FD-6FE399659031}.Debug|Any CPU.Build.0 = Debug|Any CPU
		{D404EFC7-17FE-4930-90FD-6FE399659031}.Release|Any CPU.ActiveCfg = Release|Any CPU
		{D404EFC7-17FE-4930-90FD-6FE399659031}.Release|Any CPU.Build.0 = Release|Any CPU
		{335672D3-C7F1-45B6-86B1-935447161CBB}.Debug|Any CPU.ActiveCfg = Debug|Any CPU
		{335672D3-C7F1-45B6-86B1-935447161CBB}.Debug|Any CPU.Build.0 = Debug|Any CPU
		{335672D3-C7F1-45B6-86B1-935447161CBB}.Release|Any CPU.ActiveCfg = Release|Any CPU
		{335672D3-C7F1-45B6-86B1-935447161CBB}.Release|Any CPU.Build.0 = Release|Any CPU
		{B10CEEDE-FBA4-46E5-9813-CD65DABB09EE}.Debug|Any CPU.ActiveCfg = Debug|Any CPU
		{B10CEEDE-FBA4-46E5-9813-CD65DABB09EE}.Debug|Any CPU.Build.0 = Debug|Any CPU
		{B10CEEDE-FBA4-46E5-9813-CD65DABB09EE}.Release|Any CPU.ActiveCfg = Release|Any CPU
		{B10CEEDE-FBA4-46E5-9813-CD65DABB09EE}.Release|Any CPU.Build.0 = Release|Any CPU
		{ED8E0DAD-63FB-4452-BB8A-5A95CA749A8D}.Debug|Any CPU.ActiveCfg = Debug|Any CPU
		{ED8E0DAD-63FB-4452-BB8A-5A95CA749A8D}.Debug|Any CPU.Build.0 = Debug|Any CPU
		{ED8E0DAD-63FB-4452-BB8A-5A95CA749A8D}.Release|Any CPU.ActiveCfg = Release|Any CPU
		{ED8E0DAD-63FB-4452-BB8A-5A95CA749A8D}.Release|Any CPU.Build.0 = Release|Any CPU
	EndGlobalSection
	GlobalSection(SolutionProperties) = preSolution
		HideSolutionNode = FALSE
	EndGlobalSection
	GlobalSection(NestedProjects) = preSolution
		{DA251DFE-9312-44DC-B027-8DE9E1064DC4} = {334C665F-6917-4515-912F-19016DF7872C}
		{5DECD09F-1451-450B-BFA9-F8C5AFEB4D84} = {334C665F-6917-4515-912F-19016DF7872C}
		{42FEC100-6F4E-4687-96F1-A4E871329B9E} = {334C665F-6917-4515-912F-19016DF7872C}
		{C94CED60-40ED-490C-996E-168FF9931CFD} = {334C665F-6917-4515-912F-19016DF7872C}
		{EC4E7279-10B2-46FB-ADDF-C65064323F11} = {4AFBD77A-801A-45DB-BB23-BF2ABC977228}
		{D404EFC7-17FE-4930-90FD-6FE399659031} = {7B8841B3-439A-455C-B4C4-7FACDBF4A9F3}
		{334C665F-6917-4515-912F-19016DF7872C} = {0A3639F2-FE22-4113-B654-C0DEF3C52B6F}
		{4AFBD77A-801A-45DB-BB23-BF2ABC977228} = {0A3639F2-FE22-4113-B654-C0DEF3C52B6F}
		{335672D3-C7F1-45B6-86B1-935447161CBB} = {334C665F-6917-4515-912F-19016DF7872C}
		{B10CEEDE-FBA4-46E5-9813-CD65DABB09EE} = {4AFBD77A-801A-45DB-BB23-BF2ABC977228}
		{ED8E0DAD-63FB-4452-BB8A-5A95CA749A8D} = {4AFBD77A-801A-45DB-BB23-BF2ABC977228}
	EndGlobalSection
	GlobalSection(ExtensibilityGlobals) = postSolution
		SolutionGuid = {A95AAC76-182C-4F87-B1DA-C5C09D94F365}
	EndGlobalSection
EndGlobal
